
Microsoft Visual Studio Solution File, Format Version 12.00
# Visual Studio Version 17
VisualStudioVersion = 17.2.32526.322
MinimumVisualStudioVersion = 10.0.40219.1
Project("{FAE04EC0-301F-11D3-BF4B-00C04F79EFBC}") = "ConsoleApp1", "ConsoleApp1\ConsoleApp1.csproj", "{F8B8BECA-2F16-4BDE-8C93-86CED2779D54}"
EndProject
Global
	GlobalSection(SolutionConfigurationPlatforms) = preSolution
		Debug|Any CPU = Debug|Any CPU
		Release|Any CPU = Release|Any CPU
	EndGlobalSection
	GlobalSection(ProjectConfigurationPlatforms) = postSolution
		{F8B8BECA-2F16-4BDE-8C93-86CED2779D54}.Debug|Any CPU.ActiveCfg = Debug|Any CPU
		{F8B8BECA-2F16-4BDE-8C93-86CED2779D54}.Debug|Any CPU.Build.0 = Debug|Any CPU
		{F8B8BECA-2F16-4BDE-8C93-86CED2779D54}.Release|Any CPU.ActiveCfg = Release|Any CPU
		{F8B8BECA-2F16-4BDE-8C93-86CED2779D54}.Release|Any CPU.Build.0 = Release|Any CPU
	EndGlobalSection
	GlobalSection(SolutionProperties) = preSolution
		HideSolutionNode = FALSE
	EndGlobalSection
	GlobalSection(ExtensibilityGlobals) = postSolution
		SolutionGuid = {DF071163-D93C-491D-8AE5-E9535E8498B7}
	EndGlobalSection
EndGlobal
